
Microsoft Visual Studio Solution File, Format Version 12.00
# Visual Studio Version 17
VisualStudioVersion = 17.7.34031.279
MinimumVisualStudioVersion = 10.0.40219.1
Project("{8BC9CEB8-8B4A-11D0-8D11-00A0C91BC942}") = "OS03_02", "OS03_02\OS03_02.vcxproj", "{FB91FF28-992F-4574-91A7-361939AA01B4}"
EndProject
Project("{8BC9CEB8-8B4A-11D0-8D11-00A0C91BC942}") = "OS03_02_1", "OS03_02_1\OS03_02_1.vcxproj", "{261D69F4-3137-43FB-A8A4-2671239A0A2D}"
EndProject
Project("{8BC9CEB8-8B4A-11D0-8D11-00A0C91BC942}") = "OS03_02_2", "OS03_02_2\OS03_02_2.vcxproj", "{22063A0A-8675-4FD5-A381-1A87A251E533}"
EndProject
Global
	GlobalSection(SolutionConfigurationPlatforms) = preSolution
		Debug|x64 = Debug|x64
		Debug|x86 = Debug|x86
		Release|x64 = Release|x64
		Release|x86 = Release|x86
	EndGlobalSection
	GlobalSection(ProjectConfigurationPlatforms) = postSolution
		{FB91FF28-992F-4574-91A7-361939AA01B4}.Debug|x64.ActiveCfg = Debug|x64
		{FB91FF28-992F-4574-91A7-361939AA01B4}.Debug|x64.Build.0 = Debug|x64
		{FB91FF28-992F-4574-91A7-361939AA01B4}.Debug|x86.ActiveCfg = Debug|Win32
		{FB91FF28-992F-4574-91A7-361939AA01B4}.Debug|x86.Build.0 = Debug|Win32
		{FB91FF28-992F-4574-91A7-361939AA01B4}.Release|x64.ActiveCfg = Release|x64
		{FB91FF28-992F-4574-91A7-361939AA01B4}.Release|x64.Build.0 = Release|x64
		{FB91FF28-992F-4574-91A7-361939AA01B4}.Release|x86.ActiveCfg = Release|Win32
		{FB91FF28-992F-4574-91A7-361939AA01B4}.Release|x86.Build.0 = Release|Win32
		{261D69F4-3137-43FB-A8A4-2671239A0A2D}.Debug|x64.ActiveCfg = Debug|x64
		{261D69F4-3137-43FB-A8A4-2671239A0A2D}.Debug|x64.Build.0 = Debug|x64
		{261D69F4-3137-43FB-A8A4-2671239A0A2D}.Debug|x86.ActiveCfg = Debug|Win32
		{261D69F4-3137-43FB-A8A4-2671239A0A2D}.Debug|x86.Build.0 = Debug|Win32
		{261D69F4-3137-43FB-A8A4-2671239A0A2D}.Release|x64.ActiveCfg = Release|x64
		{261D69F4-3137-43FB-A8A4-2671239A0A2D}.Release|x64.Build.0 = Release|x64
		{261D69F4-3137-43FB-A8A4-2671239A0A2D}.Release|x86.ActiveCfg = Release|Win32
		{261D69F4-3137-43FB-A8A4-2671239A0A2D}.Release|x86.Build.0 = Release|Win32
		{22063A0A-8675-4FD5-A381-1A87A251E533}.Debug|x64.ActiveCfg = Debug|x64
		{22063A0A-8675-4FD5-A381-1A87A251E533}.Debug|x64.Build.0 = Debug|x64
		{22063A0A-8675-4FD5-A381-1A87A251E533}.Debug|x86.ActiveCfg = Debug|Win32
		{22063A0A-8675-4FD5-A381-1A87A251E533}.Debug|x86.Build.0 = Debug|Win32
		{22063A0A-8675-4FD5-A381-1A87A251E533}.Release|x64.ActiveCfg = Release|x64
		{22063A0A-8675-4FD5-A381-1A87A251E533}.Release|x64.Build.0 = Release|x64
		{22063A0A-8675-4FD5-A381-1A87A251E533}.Release|x86.ActiveCfg = Release|Win32
		{22063A0A-8675-4FD5-A381-1A87A251E533}.Release|x86.Build.0 = Release|Win32
	EndGlobalSection
	GlobalSection(SolutionProperties) = preSolution
		HideSolutionNode = FALSE
	EndGlobalSection
	GlobalSection(ExtensibilityGlobals) = postSolution
		SolutionGuid = {17356A5F-1AC1-479F-9479-F4C2779C457B}
	EndGlobalSection
EndGlobal
